# THIS IS AN AUTOGENERATED FILE. DO NOT EDIT THIS FILE DIRECTLY.
# yarn lockfile v1


parser_combinator_lib@^1.0.0:
  version "1.0.0"
  resolved "https://registry.yarnpkg.com/parser_combinator_lib/-/parser_combinator_lib-1.0.0.tgz#d9811275c1dba28e90d854506c46aa971e8ecffd"
  integrity sha512-qdjZpNUFVhZQeOiYdJGBGqLEhbxdB0maXTgEubsmFxZrUEvq17McY5vfnBDmFytT89fNM8z4unB/kdnfDQAr0Q==
